
Microsoft Visual Studio Solution File, Format Version 12.00
# Visual Studio Version 17
VisualStudioVersion = 17.0.31903.59
MinimumVisualStudioVersion = 10.0.40219.1
Project("{FAE04EC0-301F-11D3-BF4B-00C04F79EFBC}") = "Ex4", "Ex4\Ex4.csproj", "{796B7774-02CF-49E2-AC9E-4082E288F4F0}"
EndProject
Global
	GlobalSection(SolutionConfigurationPlatforms) = preSolution
		Debug|Any CPU = Debug|Any CPU
		Release|Any CPU = Release|Any CPU
	EndGlobalSection
	GlobalSection(ProjectConfigurationPlatforms) = postSolution
		{796B7774-02CF-49E2-AC9E-4082E288F4F0}.Debug|Any CPU.ActiveCfg = Debug|Any CPU
		{796B7774-02CF-49E2-AC9E-4082E288F4F0}.Debug|Any CPU.Build.0 = Debug|Any CPU
		{796B7774-02CF-49E2-AC9E-4082E288F4F0}.Release|Any CPU.ActiveCfg = Release|Any CPU
		{796B7774-02CF-49E2-AC9E-4082E288F4F0}.Release|Any CPU.Build.0 = Release|Any CPU
	EndGlobalSection
	GlobalSection(SolutionProperties) = preSolution
		HideSolutionNode = FALSE
	EndGlobalSection
	GlobalSection(ExtensibilityGlobals) = postSolution
		SolutionGuid = {EAD53EB7-684F-4FD0-B76E-D113BFFC7B7B}
	EndGlobalSection
EndGlobal
